<?xml version="1.0" encoding="utf-8"?>
<Project ToolsVersion="4.0" xmlns="http://schemas.microsoft.com/developer/msbuild/2003">
  <ItemGroup>
    <ClCompile Include="Camera.cpp" />
    <ClCompile Include="MsgPrinting.cpp" />
    <ClCompile Include="CmdListMngr.cpp">
      <Filter>Core</Filter>
    </ClCompile>
    <ClCompile Include="DX12Framework.cpp">
      <Filter>Core</Filter>
    </ClCompile>
    <ClCompile Include="Graphics.cpp">
      <Filter>Core</Filter>
    </ClCompile>
    <ClCompile Include="LibraryHeader.cpp">
      <Filter>Core</Filter>
    </ClCompile>
    <ClCompile Include="DescriptorHeap.cpp">
      <Filter>Core</Filter>
    </ClCompile>
    <ClCompile Include="LinearAllocator.cpp">
      <Filter>Core</Filter>
    </ClCompile>
    <ClCompile Include="CommandContext.cpp">
      <Filter>Core</Filter>
    </ClCompile>
    <ClCompile Include="GpuResource.cpp">
      <Filter>Core</Filter>
    </ClCompile>
    <ClCompile Include="PipelineState.cpp">
      <Filter>Core</Filter>
    </ClCompile>
    <ClCompile Include="RootSignature.cpp">
      <Filter>Core</Filter>
    </ClCompile>
    <ClCompile Include="TextRenderer.cpp" />
    <ClCompile Include="SamplerMngr.cpp">
      <Filter>Core</Filter>
    </ClCompile>
    <ClCompile Include="DynamicDescriptorHeap.cpp">
      <Filter>Core</Filter>
    </ClCompile>
    <ClCompile Include="GPU_Profiler.cpp" />
    <ClCompile Include="imgui.cpp">
      <Filter>ImGUI</Filter>
    </ClCompile>
    <ClCompile Include="imgui_demo.cpp">
      <Filter>ImGUI</Filter>
    </ClCompile>
    <ClCompile Include="imgui_draw.cpp">
      <Filter>ImGUI</Filter>
    </ClCompile>
    <ClCompile Include="GuiRenderer.cpp" />
    <ClCompile Include="DDSTextureLoader.cpp" />
    <ClCompile Include="FXAA.cpp" />
    <ClCompile Include="CommandSignature.cpp">
      <Filter>Core</Filter>
    </ClCompile>
  </ItemGroup>
  <ItemGroup>
    <ClInclude Include="Utility.h" />
    <ClInclude Include="Camera.h" />
    <ClInclude Include="DXHelper.h" />
    <ClInclude Include="MsgPrinting.h" />
    <ClInclude Include="StepTimer.h" />
    <ClInclude Include="CmdListMngr.h">
      <Filter>Core</Filter>
    </ClInclude>
    <ClInclude Include="DX12Framework.h">
      <Filter>Core</Filter>
    </ClInclude>
    <ClInclude Include="Graphics.h">
      <Filter>Core</Filter>
    </ClInclude>
    <ClInclude Include="LibraryHeader.h">
      <Filter>Core</Filter>
    </ClInclude>
    <ClInclude Include="DescriptorHeap.h">
      <Filter>Core</Filter>
    </ClInclude>
    <ClInclude Include="LinearAllocator.h">
      <Filter>Core</Filter>
    </ClInclude>
    <ClInclude Include="CommandContext.h">
      <Filter>Core</Filter>
    </ClInclude>
    <ClInclude Include="GpuResource.h">
      <Filter>Core</Filter>
    </ClInclude>
    <ClInclude Include="PipelineState.h">
      <Filter>Core</Filter>
    </ClInclude>
    <ClInclude Include="RootSignature.h">
      <Filter>Core</Filter>
    </ClInclude>
    <ClInclude Include="TextRenderer.h" />
    <ClInclude Include="SamplerMngr.h">
      <Filter>Core</Filter>
    </ClInclude>
    <ClInclude Include="DynamicDescriptorHeap.h">
      <Filter>Core</Filter>
    </ClInclude>
    <ClInclude Include="GPU_Profiler.h" />
    <ClInclude Include="imconfig.h">
      <Filter>ImGUI</Filter>
    </ClInclude>
    <ClInclude Include="imgui.h">
      <Filter>ImGUI</Filter>
    </ClInclude>
    <ClInclude Include="imgui_internal.h">
      <Filter>ImGUI</Filter>
    </ClInclude>
    <ClInclude Include="stb_rect_pack.h">
      <Filter>ImGUI</Filter>
    </ClInclude>
    <ClInclude Include="stb_textedit.h">
      <Filter>ImGUI</Filter>
    </ClInclude>
    <ClInclude Include="stb_truetype.h">
      <Filter>ImGUI</Filter>
    </ClInclude>
    <ClInclude Include="GuiRenderer.h" />
    <ClInclude Include="d3dx12.h" />
    <ClInclude Include="dds.h" />
    <ClInclude Include="DDSTextureLoader.h" />
    <ClInclude Include="FXAA.h" />
    <ClInclude Include="CommandSignature.h">
      <Filter>Core</Filter>
    </ClInclude>
  </ItemGroup>
  <ItemGroup>
    <Filter Include="Core">
      <UniqueIdentifier>{10c286d5-ccfa-49de-9a3a-ba874472b961}</UniqueIdentifier>
    </Filter>
    <Filter Include="ImGUI">
      <UniqueIdentifier>{0c95a5cd-8219-4e0d-8b47-dc5c73953475}</UniqueIdentifier>
    </Filter>
  </ItemGroup>
  <ItemGroup>
    <CustomBuild Include="TextRenderer_SharedHeader.inl" />
    <CustomBuild Include="TextRenderer.hlsl" />
    <CustomBuild Include="GPU_Profiler.hlsl" />
    <CustomBuild Include="FXAA.hlsl" />
    <CustomBuild Include="FXAA_SharedHeader.inl" />
    <CustomBuild Include="Graphics.hlsl">
      <Filter>Core</Filter>
    </CustomBuild>
  </ItemGroup>
</Project>