<?xml version="1.0" encoding="utf-8"?>
<Project ToolsVersion="4.0" xmlns="http://schemas.microsoft.com/developer/msbuild/2003">
  <ItemGroup>
    <ClCompile Include="Camera.cpp" />
    <ClCompile Include="DX12Framework.cpp" />
    <ClCompile Include="GPU_Profiler.cpp" />
    <ClCompile Include="Graphics.cpp" />
    <ClCompile Include="LibraryHeader.cpp" />
    <ClCompile Include="MsgPrinting.cpp" />
  </ItemGroup>
  <ItemGroup>
    <ClInclude Include="Utility.h" />
    <ClInclude Include="Camera.h" />
    <ClInclude Include="DX12Framework.h" />
    <ClInclude Include="DXHelper.h" />
    <ClInclude Include="GPU_Profiler.h" />
    <ClInclude Include="Graphics.h" />
    <ClInclude Include="LibraryHeader.h" />
    <ClInclude Include="MsgPrinting.h" />
    <ClInclude Include="StepTimer.h" />
  </ItemGroup>
</Project>