<?xml version="1.0" encoding="utf-8"?>
<Project ToolsVersion="4.0" xmlns="http://schemas.microsoft.com/developer/msbuild/2003">
  <ItemGroup>
    <ClCompile Include="Camera.cpp" />
    <ClCompile Include="GPU_Profiler.cpp" />
    <ClCompile Include="MsgPrinting.cpp" />
    <ClCompile Include="CmdListMngr.cpp">
      <Filter>Core</Filter>
    </ClCompile>
    <ClCompile Include="DX12Framework.cpp">
      <Filter>Core</Filter>
    </ClCompile>
    <ClCompile Include="Graphics.cpp">
      <Filter>Core</Filter>
    </ClCompile>
    <ClCompile Include="LibraryHeader.cpp">
      <Filter>Core</Filter>
    </ClCompile>
    <ClCompile Include="DescriptorHeap.cpp">
      <Filter>Core</Filter>
    </ClCompile>
    <ClCompile Include="TextRenderer.cpp" />
    <ClCompile Include="LinearAllocator.cpp">
      <Filter>Core</Filter>
    </ClCompile>
  </ItemGroup>
  <ItemGroup>
    <ClInclude Include="Utility.h" />
    <ClInclude Include="Camera.h" />
    <ClInclude Include="DXHelper.h" />
    <ClInclude Include="GPU_Profiler.h" />
    <ClInclude Include="MsgPrinting.h" />
    <ClInclude Include="StepTimer.h" />
    <ClInclude Include="CmdListMngr.h">
      <Filter>Core</Filter>
    </ClInclude>
    <ClInclude Include="DX12Framework.h">
      <Filter>Core</Filter>
    </ClInclude>
    <ClInclude Include="Graphics.h">
      <Filter>Core</Filter>
    </ClInclude>
    <ClInclude Include="LibraryHeader.h">
      <Filter>Core</Filter>
    </ClInclude>
    <ClInclude Include="DescriptorHeap.h">
      <Filter>Core</Filter>
    </ClInclude>
    <ClInclude Include="TextRenderer.h" />
    <ClInclude Include="LinearAllocator.h">
      <Filter>Core</Filter>
    </ClInclude>
  </ItemGroup>
  <ItemGroup>
    <Filter Include="Core">
      <UniqueIdentifier>{10c286d5-ccfa-49de-9a3a-ba874472b961}</UniqueIdentifier>
    </Filter>
  </ItemGroup>
  <ItemGroup>
    <CustomBuild Include="TextRenderer.hlsl" />
    <CustomBuild Include="TextRenderer_SharedHeader.inl" />
  </ItemGroup>
</Project>